PODS:
  - Flutter (1.0.0)
  - flutter_video_player (0.0.1):
    - Flutter

DEPENDENCIES:
  - Flutter (from `Flutter`)
  - flutter_video_player (from `.symlinks/plugins/flutter_video_player/ios`)

EXTERNAL SOURCES:
  Flutter:
    :path: Flutter
  flutter_video_player:
    :path: ".symlinks/plugins/flutter_video_player/ios"

SPEC CHECKSUMS:
  Flutter: 434fef37c0980e73bb6479ef766c45957d4b510c
  flutter_video_player: 52598fad82136d46564a9d612ee06b8d0fc08efe

PODFILE CHECKSUM: aafe91acc616949ddb318b77800a7f51bffa2a4c

COCOAPODS: 1.11.2
